// !$*UTF8*$!
{
	archiveVersion = 1;
	classes = {
	};
	objectVersion = 51;
	objects = {

/* Begin PBXBuildFile section */
		3DFB19AEEB8F4A30F685E971 /* Pods_toDoMoUITests.framework in Frameworks */ = {isa = PBXBuildFile; fileRef = 86241BCB34FC888084A84886 /* Pods_toDoMoUITests.framework */; };
		3F363FB3231BDFAD008D493A /* Model.swift in Sources */ = {isa = PBXBuildFile; fileRef = 3F363FB2231BDFAD008D493A /* Model.swift */; };
		3F987C2D22FBECAD00F21416 /* AppDelegate.swift in Sources */ = {isa = PBXBuildFile; fileRef = 3F987C2C22FBECAD00F21416 /* AppDelegate.swift */; };
		3F987C2F22FBECAD00F21416 /* TodoListViewController.swift in Sources */ = {isa = PBXBuildFile; fileRef = 3F987C2E22FBECAD00F21416 /* TodoListViewController.swift */; };
		3F987C3222FBECAD00F21416 /* Main.storyboard in Resources */ = {isa = PBXBuildFile; fileRef = 3F987C3022FBECAD00F21416 /* Main.storyboard */; };
		3F987C3422FBECB200F21416 /* Assets.xcassets in Resources */ = {isa = PBXBuildFile; fileRef = 3F987C3322FBECB200F21416 /* Assets.xcassets */; };
		3F987C3722FBECB200F21416 /* LaunchScreen.storyboard in Resources */ = {isa = PBXBuildFile; fileRef = 3F987C3522FBECB200F21416 /* LaunchScreen.storyboard */; };
		3F987C4222FBECB200F21416 /* toDoMoTests.swift in Sources */ = {isa = PBXBuildFile; fileRef = 3F987C4122FBECB200F21416 /* toDoMoTests.swift */; };
		3F987C4D22FBECB200F21416 /* toDoMoUITests.swift in Sources */ = {isa = PBXBuildFile; fileRef = 3F987C4C22FBECB200F21416 /* toDoMoUITests.swift */; };
		3FA3A685230FF93A0077D226 /* CategoryTableViewController.swift in Sources */ = {isa = PBXBuildFile; fileRef = 3FA3A684230FF93A0077D226 /* CategoryTableViewController.swift */; };
		3FEF3A28231E8B67004B3F04 /* Category.swift in Sources */ = {isa = PBXBuildFile; fileRef = 3FEF3A27231E8B67004B3F04 /* Category.swift */; };
		8DC5F65D21F01E0BAE1E2398 /* Pods_toDoMoTests.framework in Frameworks */ = {isa = PBXBuildFile; fileRef = 8CD950B18E16A9651C799ACB /* Pods_toDoMoTests.framework */; };
		A93FCD5DA30A3B5E3C10B574 /* Pods_toDoMo.framework in Frameworks */ = {isa = PBXBuildFile; fileRef = 2731C03526A8C0286D6C6D99 /* Pods_toDoMo.framework */; };
/* End PBXBuildFile section */

/* Begin PBXContainerItemProxy section */
		3F987C3E22FBECB200F21416 /* PBXContainerItemProxy */ = {
			isa = PBXContainerItemProxy;
			containerPortal = 3F987C2122FBECAD00F21416 /* Project object */;
			proxyType = 1;
			remoteGlobalIDString = 3F987C2822FBECAD00F21416;
			remoteInfo = toDoMo;
		};
		3F987C4922FBECB200F21416 /* PBXContainerItemProxy */ = {
			isa = PBXContainerItemProxy;
			containerPortal = 3F987C2122FBECAD00F21416 /* Project object */;
			proxyType = 1;
			remoteGlobalIDString = 3F987C2822FBECAD00F21416;
			remoteInfo = toDoMo;
		};
/* End PBXContainerItemProxy section */

/* Begin PBXFileReference section */
		0FA019330690DE24787A29B0 /* Pods-toDoMo.release.xcconfig */ = {isa = PBXFileReference; includeInIndex = 1; lastKnownFileType = text.xcconfig; name = "Pods-toDoMo.release.xcconfig"; path = "Target Support Files/Pods-toDoMo/Pods-toDoMo.release.xcconfig"; sourceTree = "<group>"; };
		2731C03526A8C0286D6C6D99 /* Pods_toDoMo.framework */ = {isa = PBXFileReference; explicitFileType = wrapper.framework; includeInIndex = 0; path = Pods_toDoMo.framework; sourceTree = BUILT_PRODUCTS_DIR; };
		3F363FB2231BDFAD008D493A /* Model.swift */ = {isa = PBXFileReference; lastKnownFileType = sourcecode.swift; path = Model.swift; sourceTree = "<group>"; };
		3F987C2922FBECAD00F21416 /* toDoMo.app */ = {isa = PBXFileReference; explicitFileType = wrapper.application; includeInIndex = 0; path = toDoMo.app; sourceTree = BUILT_PRODUCTS_DIR; };
		3F987C2C22FBECAD00F21416 /* AppDelegate.swift */ = {isa = PBXFileReference; lastKnownFileType = sourcecode.swift; path = AppDelegate.swift; sourceTree = "<group>"; };
		3F987C2E22FBECAD00F21416 /* TodoListViewController.swift */ = {isa = PBXFileReference; lastKnownFileType = sourcecode.swift; path = TodoListViewController.swift; sourceTree = "<group>"; };
		3F987C3122FBECAD00F21416 /* Base */ = {isa = PBXFileReference; lastKnownFileType = file.storyboard; name = Base; path = Base.lproj/Main.storyboard; sourceTree = "<group>"; };
		3F987C3322FBECB200F21416 /* Assets.xcassets */ = {isa = PBXFileReference; lastKnownFileType = folder.assetcatalog; path = Assets.xcassets; sourceTree = "<group>"; };
		3F987C3622FBECB200F21416 /* Base */ = {isa = PBXFileReference; lastKnownFileType = file.storyboard; name = Base; path = Base.lproj/LaunchScreen.storyboard; sourceTree = "<group>"; };
		3F987C3822FBECB200F21416 /* Info.plist */ = {isa = PBXFileReference; lastKnownFileType = text.plist.xml; path = Info.plist; sourceTree = "<group>"; };
		3F987C3D22FBECB200F21416 /* toDoMoTests.xctest */ = {isa = PBXFileReference; explicitFileType = wrapper.cfbundle; includeInIndex = 0; path = toDoMoTests.xctest; sourceTree = BUILT_PRODUCTS_DIR; };
		3F987C4122FBECB200F21416 /* toDoMoTests.swift */ = {isa = PBXFileReference; lastKnownFileType = sourcecode.swift; path = toDoMoTests.swift; sourceTree = "<group>"; };
		3F987C4322FBECB200F21416 /* Info.plist */ = {isa = PBXFileReference; lastKnownFileType = text.plist.xml; path = Info.plist; sourceTree = "<group>"; };
		3F987C4822FBECB200F21416 /* toDoMoUITests.xctest */ = {isa = PBXFileReference; explicitFileType = wrapper.cfbundle; includeInIndex = 0; path = toDoMoUITests.xctest; sourceTree = BUILT_PRODUCTS_DIR; };
		3F987C4C22FBECB200F21416 /* toDoMoUITests.swift */ = {isa = PBXFileReference; lastKnownFileType = sourcecode.swift; path = toDoMoUITests.swift; sourceTree = "<group>"; };
		3F987C4E22FBECB200F21416 /* Info.plist */ = {isa = PBXFileReference; lastKnownFileType = text.plist.xml; path = Info.plist; sourceTree = "<group>"; };
		3FA3A684230FF93A0077D226 /* CategoryTableViewController.swift */ = {isa = PBXFileReference; lastKnownFileType = sourcecode.swift; path = CategoryTableViewController.swift; sourceTree = "<group>"; };
		3FEF3A27231E8B67004B3F04 /* Category.swift */ = {isa = PBXFileReference; lastKnownFileType = sourcecode.swift; path = Category.swift; sourceTree = "<group>"; };
		82328F3A25094019F8E965A1 /* Pods-toDoMo.debug.xcconfig */ = {isa = PBXFileReference; includeInIndex = 1; lastKnownFileType = text.xcconfig; name = "Pods-toDoMo.debug.xcconfig"; path = "Target Support Files/Pods-toDoMo/Pods-toDoMo.debug.xcconfig"; sourceTree = "<group>"; };
		86241BCB34FC888084A84886 /* Pods_toDoMoUITests.framework */ = {isa = PBXFileReference; explicitFileType = wrapper.framework; includeInIndex = 0; path = Pods_toDoMoUITests.framework; sourceTree = BUILT_PRODUCTS_DIR; };
		8CD950B18E16A9651C799ACB /* Pods_toDoMoTests.framework */ = {isa = PBXFileReference; explicitFileType = wrapper.framework; includeInIndex = 0; path = Pods_toDoMoTests.framework; sourceTree = BUILT_PRODUCTS_DIR; };
		A38AF0283FCA702F782527F8 /* Pods-toDoMoUITests.debug.xcconfig */ = {isa = PBXFileReference; includeInIndex = 1; lastKnownFileType = text.xcconfig; name = "Pods-toDoMoUITests.debug.xcconfig"; path = "Target Support Files/Pods-toDoMoUITests/Pods-toDoMoUITests.debug.xcconfig"; sourceTree = "<group>"; };
		A6351E7E035343EC33BA24B2 /* Pods-toDoMoTests.debug.xcconfig */ = {isa = PBXFileReference; includeInIndex = 1; lastKnownFileType = text.xcconfig; name = "Pods-toDoMoTests.debug.xcconfig"; path = "Target Support Files/Pods-toDoMoTests/Pods-toDoMoTests.debug.xcconfig"; sourceTree = "<group>"; };
		C733FE1F38065AA48ACEE346 /* Pods-toDoMoUITests.release.xcconfig */ = {isa = PBXFileReference; includeInIndex = 1; lastKnownFileType = text.xcconfig; name = "Pods-toDoMoUITests.release.xcconfig"; path = "Target Support Files/Pods-toDoMoUITests/Pods-toDoMoUITests.release.xcconfig"; sourceTree = "<group>"; };
		EAC06062A5D453B554186F64 /* Pods-toDoMoTests.release.xcconfig */ = {isa = PBXFileReference; includeInIndex = 1; lastKnownFileType = text.xcconfig; name = "Pods-toDoMoTests.release.xcconfig"; path = "Target Support Files/Pods-toDoMoTests/Pods-toDoMoTests.release.xcconfig"; sourceTree = "<group>"; };
/* End PBXFileReference section */

/* Begin PBXFrameworksBuildPhase section */
		3F987C2622FBECAD00F21416 /* Frameworks */ = {
			isa = PBXFrameworksBuildPhase;
			buildActionMask = 2147483647;
			files = (
				A93FCD5DA30A3B5E3C10B574 /* Pods_toDoMo.framework in Frameworks */,
			);
			runOnlyForDeploymentPostprocessing = 0;
		};
		3F987C3A22FBECB200F21416 /* Frameworks */ = {
			isa = PBXFrameworksBuildPhase;
			buildActionMask = 2147483647;
			files = (
				8DC5F65D21F01E0BAE1E2398 /* Pods_toDoMoTests.framework in Frameworks */,
			);
			runOnlyForDeploymentPostprocessing = 0;
		};
		3F987C4522FBECB200F21416 /* Frameworks */ = {
			isa = PBXFrameworksBuildPhase;
			buildActionMask = 2147483647;
			files = (
				3DFB19AEEB8F4A30F685E971 /* Pods_toDoMoUITests.framework in Frameworks */,
			);
			runOnlyForDeploymentPostprocessing = 0;
		};
/* End PBXFrameworksBuildPhase section */

/* Begin PBXGroup section */
		3F6D0B2C230AC84F007B053C /* Assistants */ = {
			isa = PBXGroup;
			children = (
				3F987C3522FBECB200F21416 /* LaunchScreen.storyboard */,
				3F987C3322FBECB200F21416 /* Assets.xcassets */,
			);
			path = Assistants;
			sourceTree = "<group>";
		};
		3F6D0B2D230AC880007B053C /* Views */ = {
			isa = PBXGroup;
			children = (
				3F987C3022FBECAD00F21416 /* Main.storyboard */,
			);
			path = Views;
			sourceTree = "<group>";
		};
		3F6D0B2E230AC899007B053C /* Models */ = {
			isa = PBXGroup;
			children = (
				3FEF3A27231E8B67004B3F04 /* Category.swift */,
				3F363FB2231BDFAD008D493A /* Model.swift */,
			);
			path = Models;
			sourceTree = "<group>";
		};
		3F6D0B2F230AC8A9007B053C /* Controllers */ = {
			isa = PBXGroup;
			children = (
				3FA3A684230FF93A0077D226 /* CategoryTableViewController.swift */,
				3F987C2E22FBECAD00F21416 /* TodoListViewController.swift */,
			);
			path = Controllers;
			sourceTree = "<group>";
		};
		3F987C2022FBECAD00F21416 = {
			isa = PBXGroup;
			children = (
				3F987C2B22FBECAD00F21416 /* toDoMo */,
				3F987C4022FBECB200F21416 /* toDoMoTests */,
				3F987C4B22FBECB200F21416 /* toDoMoUITests */,
				3F987C2A22FBECAD00F21416 /* Products */,
				488EBDB3795C0D31259B9CF9 /* Pods */,
				DC73D96553B66D1972DAF233 /* Frameworks */,
			);
			sourceTree = "<group>";
		};
		3F987C2A22FBECAD00F21416 /* Products */ = {
			isa = PBXGroup;
			children = (
				3F987C2922FBECAD00F21416 /* toDoMo.app */,
				3F987C3D22FBECB200F21416 /* toDoMoTests.xctest */,
				3F987C4822FBECB200F21416 /* toDoMoUITests.xctest */,
			);
			name = Products;
			sourceTree = "<group>";
		};
		3F987C2B22FBECAD00F21416 /* toDoMo */ = {
			isa = PBXGroup;
			children = (
				3F987C3822FBECB200F21416 /* Info.plist */,
				3F987C2C22FBECAD00F21416 /* AppDelegate.swift */,
				3F6D0B2F230AC8A9007B053C /* Controllers */,
				3F6D0B2E230AC899007B053C /* Models */,
				3F6D0B2D230AC880007B053C /* Views */,
				3F6D0B2C230AC84F007B053C /* Assistants */,
			);
			path = toDoMo;
			sourceTree = "<group>";
		};
		3F987C4022FBECB200F21416 /* toDoMoTests */ = {
			isa = PBXGroup;
			children = (
				3F987C4122FBECB200F21416 /* toDoMoTests.swift */,
				3F987C4322FBECB200F21416 /* Info.plist */,
			);
			path = toDoMoTests;
			sourceTree = "<group>";
		};
		3F987C4B22FBECB200F21416 /* toDoMoUITests */ = {
			isa = PBXGroup;
			children = (
				3F987C4C22FBECB200F21416 /* toDoMoUITests.swift */,
				3F987C4E22FBECB200F21416 /* Info.plist */,
			);
			path = toDoMoUITests;
			sourceTree = "<group>";
		};
		488EBDB3795C0D31259B9CF9 /* Pods */ = {
			isa = PBXGroup;
			children = (
				82328F3A25094019F8E965A1 /* Pods-toDoMo.debug.xcconfig */,
				0FA019330690DE24787A29B0 /* Pods-toDoMo.release.xcconfig */,
				A6351E7E035343EC33BA24B2 /* Pods-toDoMoTests.debug.xcconfig */,
				EAC06062A5D453B554186F64 /* Pods-toDoMoTests.release.xcconfig */,
				A38AF0283FCA702F782527F8 /* Pods-toDoMoUITests.debug.xcconfig */,
				C733FE1F38065AA48ACEE346 /* Pods-toDoMoUITests.release.xcconfig */,
			);
			path = Pods;
			sourceTree = "<group>";
		};
		DC73D96553B66D1972DAF233 /* Frameworks */ = {
			isa = PBXGroup;
			children = (
				2731C03526A8C0286D6C6D99 /* Pods_toDoMo.framework */,
				8CD950B18E16A9651C799ACB /* Pods_toDoMoTests.framework */,
				86241BCB34FC888084A84886 /* Pods_toDoMoUITests.framework */,
			);
			name = Frameworks;
			sourceTree = "<group>";
		};
/* End PBXGroup section */

/* Begin PBXNativeTarget section */
		3F987C2822FBECAD00F21416 /* toDoMo */ = {
			isa = PBXNativeTarget;
			buildConfigurationList = 3F987C5122FBECB200F21416 /* Build configuration list for PBXNativeTarget "toDoMo" */;
			buildPhases = (
				14122380B2B9B95A8F8118DC /* [CP] Check Pods Manifest.lock */,
				3F987C2522FBECAD00F21416 /* Sources */,
				3F987C2622FBECAD00F21416 /* Frameworks */,
				3F987C2722FBECAD00F21416 /* Resources */,
				4E3CC6564C7755AD4CD1B5A8 /* [CP] Embed Pods Frameworks */,
			);
			buildRules = (
			);
			dependencies = (
			);
			name = toDoMo;
			productName = toDoMo;
			productReference = 3F987C2922FBECAD00F21416 /* toDoMo.app */;
			productType = "com.apple.product-type.application";
		};
		3F987C3C22FBECB200F21416 /* toDoMoTests */ = {
			isa = PBXNativeTarget;
			buildConfigurationList = 3F987C5422FBECB200F21416 /* Build configuration list for PBXNativeTarget "toDoMoTests" */;
			buildPhases = (
				9308A3DD2A16D921883CDA28 /* [CP] Check Pods Manifest.lock */,
				3F987C3922FBECB200F21416 /* Sources */,
				3F987C3A22FBECB200F21416 /* Frameworks */,
				3F987C3B22FBECB200F21416 /* Resources */,
			);
			buildRules = (
			);
			dependencies = (
				3F987C3F22FBECB200F21416 /* PBXTargetDependency */,
			);
			name = toDoMoTests;
			productName = toDoMoTests;
			productReference = 3F987C3D22FBECB200F21416 /* toDoMoTests.xctest */;
			productType = "com.apple.product-type.bundle.unit-test";
		};
		3F987C4722FBECB200F21416 /* toDoMoUITests */ = {
			isa = PBXNativeTarget;
			buildConfigurationList = 3F987C5722FBECB200F21416 /* Build configuration list for PBXNativeTarget "toDoMoUITests" */;
			buildPhases = (
				392BC4037A9D770163EAC55C /* [CP] Check Pods Manifest.lock */,
				3F987C4422FBECB200F21416 /* Sources */,
				3F987C4522FBECB200F21416 /* Frameworks */,
				3F987C4622FBECB200F21416 /* Resources */,
			);
			buildRules = (
			);
			dependencies = (
				3F987C4A22FBECB200F21416 /* PBXTargetDependency */,
			);
			name = toDoMoUITests;
			productName = toDoMoUITests;
			productReference = 3F987C4822FBECB200F21416 /* toDoMoUITests.xctest */;
			productType = "com.apple.product-type.bundle.ui-testing";
		};
/* End PBXNativeTarget section */

/* Begin PBXProject section */
		3F987C2122FBECAD00F21416 /* Project object */ = {
			isa = PBXProject;
			attributes = {
				LastSwiftUpdateCheck = 1030;
				LastUpgradeCheck = 1030;
				ORGANIZATIONNAME = "deniz ardali krstic";
				TargetAttributes = {
					3F987C2822FBECAD00F21416 = {
						CreatedOnToolsVersion = 10.3;
					};
					3F987C3C22FBECB200F21416 = {
						CreatedOnToolsVersion = 10.3;
						TestTargetID = 3F987C2822FBECAD00F21416;
					};
					3F987C4722FBECB200F21416 = {
						CreatedOnToolsVersion = 10.3;
						TestTargetID = 3F987C2822FBECAD00F21416;
					};
				};
			};
			buildConfigurationList = 3F987C2422FBECAD00F21416 /* Build configuration list for PBXProject "toDoMo" */;
			compatibilityVersion = "Xcode 9.3";
			developmentRegion = en;
			hasScannedForEncodings = 0;
			knownRegions = (
				en,
				Base,
			);
			mainGroup = 3F987C2022FBECAD00F21416;
			productRefGroup = 3F987C2A22FBECAD00F21416 /* Products */;
			projectDirPath = "";
			projectRoot = "";
			targets = (
				3F987C2822FBECAD00F21416 /* toDoMo */,
				3F987C3C22FBECB200F21416 /* toDoMoTests */,
				3F987C4722FBECB200F21416 /* toDoMoUITests */,
			);
		};
/* End PBXProject section */

/* Begin PBXResourcesBuildPhase section */
		3F987C2722FBECAD00F21416 /* Resources */ = {
			isa = PBXResourcesBuildPhase;
			buildActionMask = 2147483647;
			files = (
				3F987C3722FBECB200F21416 /* LaunchScreen.storyboard in Resources */,
				3F987C3422FBECB200F21416 /* Assets.xcassets in Resources */,
				3F987C3222FBECAD00F21416 /* Main.storyboard in Resources */,
			);
			runOnlyForDeploymentPostprocessing = 0;
		};
		3F987C3B22FBECB200F21416 /* Resources */ = {
			isa = PBXResourcesBuildPhase;
			buildActionMask = 2147483647;
			files = (
			);
			runOnlyForDeploymentPostprocessing = 0;
		};
		3F987C4622FBECB200F21416 /* Resources */ = {
			isa = PBXResourcesBuildPhase;
			buildActionMask = 2147483647;
			files = (
			);
			runOnlyForDeploymentPostprocessing = 0;
		};
/* End PBXResourcesBuildPhase section */

/* Begin PBXShellScriptBuildPhase section */
		14122380B2B9B95A8F8118DC /* [CP] Check Pods Manifest.lock */ = {
			isa = PBXShellScriptBuildPhase;
			buildActionMask = 2147483647;
			files = (
			);
			inputFileListPaths = (
			);
			inputPaths = (
				"${PODS_PODFILE_DIR_PATH}/Podfile.lock",
				"${PODS_ROOT}/Manifest.lock",
			);
			name = "[CP] Check Pods Manifest.lock";
			outputFileListPaths = (
			);
			outputPaths = (
				"$(DERIVED_FILE_DIR)/Pods-toDoMo-checkManifestLockResult.txt",
			);
			runOnlyForDeploymentPostprocessing = 0;
			shellPath = /bin/sh;
			shellScript = "diff \"${PODS_PODFILE_DIR_PATH}/Podfile.lock\" \"${PODS_ROOT}/Manifest.lock\" > /dev/null\nif [ $? != 0 ] ; then\n    # print error to STDERR\n    echo \"error: The sandbox is not in sync with the Podfile.lock. Run 'pod install' or update your CocoaPods installation.\" >&2\n    exit 1\nfi\n# This output is used by Xcode 'outputs' to avoid re-running this script phase.\necho \"SUCCESS\" > \"${SCRIPT_OUTPUT_FILE_0}\"\n";
			showEnvVarsInLog = 0;
		};
		392BC4037A9D770163EAC55C /* [CP] Check Pods Manifest.lock */ = {
			isa = PBXShellScriptBuildPhase;
			buildActionMask = 2147483647;
			files = (
			);
			inputFileListPaths = (
			);
			inputPaths = (
				"${PODS_PODFILE_DIR_PATH}/Podfile.lock",
				"${PODS_ROOT}/Manifest.lock",
			);
			name = "[CP] Check Pods Manifest.lock";
			outputFileListPaths = (
			);
			outputPaths = (
				"$(DERIVED_FILE_DIR)/Pods-toDoMoUITests-checkManifestLockResult.txt",
			);
			runOnlyForDeploymentPostprocessing = 0;
			shellPath = /bin/sh;
			shellScript = "diff \"${PODS_PODFILE_DIR_PATH}/Podfile.lock\" \"${PODS_ROOT}/Manifest.lock\" > /dev/null\nif [ $? != 0 ] ; then\n    # print error to STDERR\n    echo \"error: The sandbox is not in sync with the Podfile.lock. Run 'pod install' or update your CocoaPods installation.\" >&2\n    exit 1\nfi\n# This output is used by Xcode 'outputs' to avoid re-running this script phase.\necho \"SUCCESS\" > \"${SCRIPT_OUTPUT_FILE_0}\"\n";
			showEnvVarsInLog = 0;
		};
		4E3CC6564C7755AD4CD1B5A8 /* [CP] Embed Pods Frameworks */ = {
			isa = PBXShellScriptBuildPhase;
			buildActionMask = 2147483647;
			files = (
			);
			inputFileListPaths = (
				"${PODS_ROOT}/Target Support Files/Pods-toDoMo/Pods-toDoMo-frameworks-${CONFIGURATION}-input-files.xcfilelist",
			);
			name = "[CP] Embed Pods Frameworks";
			outputFileListPaths = (
				"${PODS_ROOT}/Target Support Files/Pods-toDoMo/Pods-toDoMo-frameworks-${CONFIGURATION}-output-files.xcfilelist",
			);
			runOnlyForDeploymentPostprocessing = 0;
			shellPath = /bin/sh;
			shellScript = "\"${PODS_ROOT}/Target Support Files/Pods-toDoMo/Pods-toDoMo-frameworks.sh\"\n";
			showEnvVarsInLog = 0;
		};
		9308A3DD2A16D921883CDA28 /* [CP] Check Pods Manifest.lock */ = {
			isa = PBXShellScriptBuildPhase;
			buildActionMask = 2147483647;
			files = (
			);
			inputFileListPaths = (
			);
			inputPaths = (
				"${PODS_PODFILE_DIR_PATH}/Podfile.lock",
				"${PODS_ROOT}/Manifest.lock",
			);
			name = "[CP] Check Pods Manifest.lock";
			outputFileListPaths = (
			);
			outputPaths = (
				"$(DERIVED_FILE_DIR)/Pods-toDoMoTests-checkManifestLockResult.txt",
			);
			runOnlyForDeploymentPostprocessing = 0;
			shellPath = /bin/sh;
			shellScript = "diff \"${PODS_PODFILE_DIR_PATH}/Podfile.lock\" \"${PODS_ROOT}/Manifest.lock\" > /dev/null\nif [ $? != 0 ] ; then\n    # print error to STDERR\n    echo \"error: The sandbox is not in sync with the Podfile.lock. Run 'pod install' or update your CocoaPods installation.\" >&2\n    exit 1\nfi\n# This output is used by Xcode 'outputs' to avoid re-running this script phase.\necho \"SUCCESS\" > \"${SCRIPT_OUTPUT_FILE_0}\"\n";
			showEnvVarsInLog = 0;
		};
/* End PBXShellScriptBuildPhase section */

/* Begin PBXSourcesBuildPhase section */
		3F987C2522FBECAD00F21416 /* Sources */ = {
			isa = PBXSourcesBuildPhase;
			buildActionMask = 2147483647;
			files = (
				3F987C2F22FBECAD00F21416 /* TodoListViewController.swift in Sources */,
				3F363FB3231BDFAD008D493A /* Model.swift in Sources */,
				3F987C2D22FBECAD00F21416 /* AppDelegate.swift in Sources */,
				3FA3A685230FF93A0077D226 /* CategoryTableViewController.swift in Sources */,
				3FEF3A28231E8B67004B3F04 /* Category.swift in Sources */,
			);
			runOnlyForDeploymentPostprocessing = 0;
		};
		3F987C3922FBECB200F21416 /* Sources */ = {
			isa = PBXSourcesBuildPhase;
			buildActionMask = 2147483647;
			files = (
				3F987C4222FBECB200F21416 /* toDoMoTests.swift in Sources */,
			);
			runOnlyForDeploymentPostprocessing = 0;
		};
		3F987C4422FBECB200F21416 /* Sources */ = {
			isa = PBXSourcesBuildPhase;
			buildActionMask = 2147483647;
			files = (
				3F987C4D22FBECB200F21416 /* toDoMoUITests.swift in Sources */,
			);
			runOnlyForDeploymentPostprocessing = 0;
		};
/* End PBXSourcesBuildPhase section */

/* Begin PBXTargetDependency section */
		3F987C3F22FBECB200F21416 /* PBXTargetDependency */ = {
			isa = PBXTargetDependency;
			target = 3F987C2822FBECAD00F21416 /* toDoMo */;
			targetProxy = 3F987C3E22FBECB200F21416 /* PBXContainerItemProxy */;
		};
		3F987C4A22FBECB200F21416 /* PBXTargetDependency */ = {
			isa = PBXTargetDependency;
			target = 3F987C2822FBECAD00F21416 /* toDoMo */;
			targetProxy = 3F987C4922FBECB200F21416 /* PBXContainerItemProxy */;
		};
/* End PBXTargetDependency section */

/* Begin PBXVariantGroup section */
		3F987C3022FBECAD00F21416 /* Main.storyboard */ = {
			isa = PBXVariantGroup;
			children = (
				3F987C3122FBECAD00F21416 /* Base */,
			);
			name = Main.storyboard;
			sourceTree = "<group>";
		};
		3F987C3522FBECB200F21416 /* LaunchScreen.storyboard */ = {
			isa = PBXVariantGroup;
			children = (
				3F987C3622FBECB200F21416 /* Base */,
			);
			name = LaunchScreen.storyboard;
			sourceTree = "<group>";
		};
/* End PBXVariantGroup section */

/* Begin XCBuildConfiguration section */
		3F987C4F22FBECB200F21416 /* Debug */ = {
			isa = XCBuildConfiguration;
			buildSettings = {
				ALWAYS_SEARCH_USER_PATHS = NO;
				CLANG_ANALYZER_NONNULL = YES;
				CLANG_ANALYZER_NUMBER_OBJECT_CONVERSION = YES_AGGRESSIVE;
				CLANG_CXX_LANGUAGE_STANDARD = "gnu++14";
				CLANG_CXX_LIBRARY = "libc++";
				CLANG_ENABLE_MODULES = YES;
				CLANG_ENABLE_OBJC_ARC = YES;
				CLANG_ENABLE_OBJC_WEAK = YES;
				CLANG_WARN_BLOCK_CAPTURE_AUTORELEASING = YES;
				CLANG_WARN_BOOL_CONVERSION = YES;
				CLANG_WARN_COMMA = YES;
				CLANG_WARN_CONSTANT_CONVERSION = YES;
				CLANG_WARN_DEPRECATED_OBJC_IMPLEMENTATIONS = YES;
				CLANG_WARN_DIRECT_OBJC_ISA_USAGE = YES_ERROR;
				CLANG_WARN_DOCUMENTATION_COMMENTS = YES;
				CLANG_WARN_EMPTY_BODY = YES;
				CLANG_WARN_ENUM_CONVERSION = YES;
				CLANG_WARN_INFINITE_RECURSION = YES;
				CLANG_WARN_INT_CONVERSION = YES;
				CLANG_WARN_NON_LITERAL_NULL_CONVERSION = YES;
				CLANG_WARN_OBJC_IMPLICIT_RETAIN_SELF = YES;
				CLANG_WARN_OBJC_LITERAL_CONVERSION = YES;
				CLANG_WARN_OBJC_ROOT_CLASS = YES_ERROR;
				CLANG_WARN_RANGE_LOOP_ANALYSIS = YES;
				CLANG_WARN_STRICT_PROTOTYPES = YES;
				CLANG_WARN_SUSPICIOUS_MOVE = YES;
				CLANG_WARN_UNGUARDED_AVAILABILITY = YES_AGGRESSIVE;
				CLANG_WARN_UNREACHABLE_CODE = YES;
				CLANG_WARN__DUPLICATE_METHOD_MATCH = YES;
				CODE_SIGN_IDENTITY = "iPhone Developer";
				COPY_PHASE_STRIP = NO;
				DEBUG_INFORMATION_FORMAT = dwarf;
				ENABLE_STRICT_OBJC_MSGSEND = YES;
				ENABLE_TESTABILITY = YES;
				GCC_C_LANGUAGE_STANDARD = gnu11;
				GCC_DYNAMIC_NO_PIC = NO;
				GCC_NO_COMMON_BLOCKS = YES;
				GCC_OPTIMIZATION_LEVEL = 0;
				GCC_PREPROCESSOR_DEFINITIONS = (
					"DEBUG=1",
					"$(inherited)",
				);
				GCC_WARN_64_TO_32_BIT_CONVERSION = YES;
				GCC_WARN_ABOUT_RETURN_TYPE = YES_ERROR;
				GCC_WARN_UNDECLARED_SELECTOR = YES;
				GCC_WARN_UNINITIALIZED_AUTOS = YES_AGGRESSIVE;
				GCC_WARN_UNUSED_FUNCTION = YES;
				GCC_WARN_UNUSED_VARIABLE = YES;
				IPHONEOS_DEPLOYMENT_TARGET = 12.4;
				MTL_ENABLE_DEBUG_INFO = INCLUDE_SOURCE;
				MTL_FAST_MATH = YES;
				ONLY_ACTIVE_ARCH = YES;
				SDKROOT = iphoneos;
				SWIFT_ACTIVE_COMPILATION_CONDITIONS = DEBUG;
				SWIFT_OPTIMIZATION_LEVEL = "-Onone";
			};
			name = Debug;
		};
		3F987C5022FBECB200F21416 /* Release */ = {
			isa = XCBuildConfiguration;
			buildSettings = {
				ALWAYS_SEARCH_USER_PATHS = NO;
				CLANG_ANALYZER_NONNULL = YES;
				CLANG_ANALYZER_NUMBER_OBJECT_CONVERSION = YES_AGGRESSIVE;
				CLANG_CXX_LANGUAGE_STANDARD = "gnu++14";
				CLANG_CXX_LIBRARY = "libc++";
				CLANG_ENABLE_MODULES = YES;
				CLANG_ENABLE_OBJC_ARC = YES;
				CLANG_ENABLE_OBJC_WEAK = YES;
				CLANG_WARN_BLOCK_CAPTURE_AUTORELEASING = YES;
				CLANG_WARN_BOOL_CONVERSION = YES;
				CLANG_WARN_COMMA = YES;
				CLANG_WARN_CONSTANT_CONVERSION = YES;
				CLANG_WARN_DEPRECATED_OBJC_IMPLEMENTATIONS = YES;
				CLANG_WARN_DIRECT_OBJC_ISA_USAGE = YES_ERROR;
				CLANG_WARN_DOCUMENTATION_COMMENTS = YES;
				CLANG_WARN_EMPTY_BODY = YES;
				CLANG_WARN_ENUM_CONVERSION = YES;
				CLANG_WARN_INFINITE_RECURSION = YES;
				CLANG_WARN_INT_CONVERSION = YES;
				CLANG_WARN_NON_LITERAL_NULL_CONVERSION = YES;
				CLANG_WARN_OBJC_IMPLICIT_RETAIN_SELF = YES;
				CLANG_WARN_OBJC_LITERAL_CONVERSION = YES;
				CLANG_WARN_OBJC_ROOT_CLASS = YES_ERROR;
				CLANG_WARN_RANGE_LOOP_ANALYSIS = YES;
				CLANG_WARN_STRICT_PROTOTYPES = YES;
				CLANG_WARN_SUSPICIOUS_MOVE = YES;
				CLANG_WARN_UNGUARDED_AVAILABILITY = YES_AGGRESSIVE;
				CLANG_WARN_UNREACHABLE_CODE = YES;
				CLANG_WARN__DUPLICATE_METHOD_MATCH = YES;
				CODE_SIGN_IDENTITY = "iPhone Developer";
				COPY_PHASE_STRIP = NO;
				DEBUG_INFORMATION_FORMAT = "dwarf-with-dsym";
				ENABLE_NS_ASSERTIONS = NO;
				ENABLE_STRICT_OBJC_MSGSEND = YES;
				GCC_C_LANGUAGE_STANDARD = gnu11;
				GCC_NO_COMMON_BLOCKS = YES;
				GCC_WARN_64_TO_32_BIT_CONVERSION = YES;
				GCC_WARN_ABOUT_RETURN_TYPE = YES_ERROR;
				GCC_WARN_UNDECLARED_SELECTOR = YES;
				GCC_WARN_UNINITIALIZED_AUTOS = YES_AGGRESSIVE;
				GCC_WARN_UNUSED_FUNCTION = YES;
				GCC_WARN_UNUSED_VARIABLE = YES;
				IPHONEOS_DEPLOYMENT_TARGET = 12.4;
				MTL_ENABLE_DEBUG_INFO = NO;
				MTL_FAST_MATH = YES;
				SDKROOT = iphoneos;
				SWIFT_COMPILATION_MODE = wholemodule;
				SWIFT_OPTIMIZATION_LEVEL = "-O";
				VALIDATE_PRODUCT = YES;
			};
			name = Release;
		};
		3F987C5222FBECB200F21416 /* Debug */ = {
			isa = XCBuildConfiguration;
			baseConfigurationReference = 82328F3A25094019F8E965A1 /* Pods-toDoMo.debug.xcconfig */;
			buildSettings = {
				ASSETCATALOG_COMPILER_APPICON_NAME = AppIcon;
				CODE_SIGN_STYLE = Automatic;
				DEVELOPMENT_TEAM = 55MNY88UZJ;
				INFOPLIST_FILE = toDoMo/Info.plist;
				LD_RUNPATH_SEARCH_PATHS = (
					"$(inherited)",
					"@executable_path/Frameworks",
				);
				PRODUCT_BUNDLE_IDENTIFIER = deniz.toDoMo;
				PRODUCT_NAME = "$(TARGET_NAME)";
				SWIFT_VERSION = 5.0;
				TARGETED_DEVICE_FAMILY = "1,2";
			};
			name = Debug;
		};
		3F987C5322FBECB200F21416 /* Release */ = {
			isa = XCBuildConfiguration;
			baseConfigurationReference = 0FA019330690DE24787A29B0 /* Pods-toDoMo.release.xcconfig */;
			buildSettings = {
				ASSETCATALOG_COMPILER_APPICON_NAME = AppIcon;
				CODE_SIGN_STYLE = Automatic;
				DEVELOPMENT_TEAM = 55MNY88UZJ;
				INFOPLIST_FILE = toDoMo/Info.plist;
				LD_RUNPATH_SEARCH_PATHS = (
					"$(inherited)",
					"@executable_path/Frameworks",
				);
				PRODUCT_BUNDLE_IDENTIFIER = deniz.toDoMo;
				PRODUCT_NAME = "$(TARGET_NAME)";
				SWIFT_VERSION = 5.0;
				TARGETED_DEVICE_FAMILY = "1,2";
			};
			name = Release;
		};
		3F987C5522FBECB200F21416 /* Debug */ = {
			isa = XCBuildConfiguration;
			baseConfigurationReference = A6351E7E035343EC33BA24B2 /* Pods-toDoMoTests.debug.xcconfig */;
			buildSettings = {
				ALWAYS_EMBED_SWIFT_STANDARD_LIBRARIES = YES;
				BUNDLE_LOADER = "$(TEST_HOST)";
				CODE_SIGN_STYLE = Automatic;
				DEVELOPMENT_TEAM = 55MNY88UZJ;
				INFOPLIST_FILE = toDoMoTests/Info.plist;
				LD_RUNPATH_SEARCH_PATHS = (
					"$(inherited)",
					"@executable_path/Frameworks",
					"@loader_path/Frameworks",
				);
				PRODUCT_BUNDLE_IDENTIFIER = deniz.toDoMoTests;
				PRODUCT_NAME = "$(TARGET_NAME)";
				SWIFT_VERSION = 5.0;
				TARGETED_DEVICE_FAMILY = "1,2";
				TEST_HOST = "$(BUILT_PRODUCTS_DIR)/toDoMo.app/toDoMo";
			};
			name = Debug;
		};
		3F987C5622FBECB200F21416 /* Release */ = {
			isa = XCBuildConfiguration;
			baseConfigurationReference = EAC06062A5D453B554186F64 /* Pods-toDoMoTests.release.xcconfig */;
			buildSettings = {
				ALWAYS_EMBED_SWIFT_STANDARD_LIBRARIES = YES;
				BUNDLE_LOADER = "$(TEST_HOST)";
				CODE_SIGN_STYLE = Automatic;
				DEVELOPMENT_TEAM = 55MNY88UZJ;
				INFOPLIST_FILE = toDoMoTests/Info.plist;
				LD_RUNPATH_SEARCH_PATHS = (
					"$(inherited)",
					"@executable_path/Frameworks",
					"@loader_path/Frameworks",
				);
				PRODUCT_BUNDLE_IDENTIFIER = deniz.toDoMoTests;
				PRODUCT_NAME = "$(TARGET_NAME)";
				SWIFT_VERSION = 5.0;
				TARGETED_DEVICE_FAMILY = "1,2";
				TEST_HOST = "$(BUILT_PRODUCTS_DIR)/toDoMo.app/toDoMo";
			};
			name = Release;
		};
		3F987C5822FBECB200F21416 /* Debug */ = {
			isa = XCBuildConfiguration;
			baseConfigurationReference = A38AF0283FCA702F782527F8 /* Pods-toDoMoUITests.debug.xcconfig */;
			buildSettings = {
				ALWAYS_EMBED_SWIFT_STANDARD_LIBRARIES = YES;
				CODE_SIGN_STYLE = Automatic;
				DEVELOPMENT_TEAM = 55MNY88UZJ;
				INFOPLIST_FILE = toDoMoUITests/Info.plist;
				LD_RUNPATH_SEARCH_PATHS = (
					"$(inherited)",
					"@executable_path/Frameworks",
					"@loader_path/Frameworks",
				);
				PRODUCT_BUNDLE_IDENTIFIER = deniz.toDoMoUITests;
				PRODUCT_NAME = "$(TARGET_NAME)";
				SWIFT_VERSION = 5.0;
				TARGETED_DEVICE_FAMILY = "1,2";
				TEST_TARGET_NAME = toDoMo;
			};
			name = Debug;
		};
		3F987C5922FBECB200F21416 /* Release */ = {
			isa = XCBuildConfiguration;
			baseConfigurationReference = C733FE1F38065AA48ACEE346 /* Pods-toDoMoUITests.release.xcconfig */;
			buildSettings = {
				ALWAYS_EMBED_SWIFT_STANDARD_LIBRARIES = YES;
				CODE_SIGN_STYLE = Automatic;
				DEVELOPMENT_TEAM = 55MNY88UZJ;
				INFOPLIST_FILE = toDoMoUITests/Info.plist;
				LD_RUNPATH_SEARCH_PATHS = (
					"$(inherited)",
					"@executable_path/Frameworks",
					"@loader_path/Frameworks",
				);
				PRODUCT_BUNDLE_IDENTIFIER = deniz.toDoMoUITests;
				PRODUCT_NAME = "$(TARGET_NAME)";
				SWIFT_VERSION = 5.0;
				TARGETED_DEVICE_FAMILY = "1,2";
				TEST_TARGET_NAME = toDoMo;
			};
			name = Release;
		};
/* End XCBuildConfiguration section */

/* Begin XCConfigurationList section */
		3F987C2422FBECAD00F21416 /* Build configuration list for PBXProject "toDoMo" */ = {
			isa = XCConfigurationList;
			buildConfigurations = (
				3F987C4F22FBECB200F21416 /* Debug */,
				3F987C5022FBECB200F21416 /* Release */,
			);
			defaultConfigurationIsVisible = 0;
			defaultConfigurationName = Release;
		};
		3F987C5122FBECB200F21416 /* Build configuration list for PBXNativeTarget "toDoMo" */ = {
			isa = XCConfigurationList;
			buildConfigurations = (
				3F987C5222FBECB200F21416 /* Debug */,
				3F987C5322FBECB200F21416 /* Release */,
			);
			defaultConfigurationIsVisible = 0;
			defaultConfigurationName = Release;
		};
		3F987C5422FBECB200F21416 /* Build configuration list for PBXNativeTarget "toDoMoTests" */ = {
			isa = XCConfigurationList;
			buildConfigurations = (
				3F987C5522FBECB200F21416 /* Debug */,
				3F987C5622FBECB200F21416 /* Release */,
			);
			defaultConfigurationIsVisible = 0;
			defaultConfigurationName = Release;
		};
		3F987C5722FBECB200F21416 /* Build configuration list for PBXNativeTarget "toDoMoUITests" */ = {
			isa = XCConfigurationList;
			buildConfigurations = (
				3F987C5822FBECB200F21416 /* Debug */,
				3F987C5922FBECB200F21416 /* Release */,
			);
			defaultConfigurationIsVisible = 0;
			defaultConfigurationName = Release;
		};
/* End XCConfigurationList section */
	};
	rootObject = 3F987C2122FBECAD00F21416 /* Project object */;
}
